
Microsoft Visual Studio Solution File, Format Version 12.00
# Visual Studio Version 17
VisualStudioVersion = 17.6.33829.357
MinimumVisualStudioVersion = 10.0.40219.1
Project("{FAE04EC0-301F-11D3-BF4B-00C04F79EFBC}") = "pomodoro", "pomodoro\pomodoro.csproj", "{747B208C-87A3-403D-BB03-F1E01D5C55AB}"
EndProject
Global
	GlobalSection(SolutionConfigurationPlatforms) = preSolution
		Debug|Any CPU = Debug|Any CPU
		Release|Any CPU = Release|Any CPU
	EndGlobalSection
	GlobalSection(ProjectConfigurationPlatforms) = postSolution
		{747B208C-87A3-403D-BB03-F1E01D5C55AB}.Debug|Any CPU.ActiveCfg = Debug|Any CPU
		{747B208C-87A3-403D-BB03-F1E01D5C55AB}.Debug|Any CPU.Build.0 = Debug|Any CPU
		{747B208C-87A3-403D-BB03-F1E01D5C55AB}.Release|Any CPU.ActiveCfg = Release|Any CPU
		{747B208C-87A3-403D-BB03-F1E01D5C55AB}.Release|Any CPU.Build.0 = Release|Any CPU
	EndGlobalSection
	GlobalSection(SolutionProperties) = preSolution
		HideSolutionNode = FALSE
	EndGlobalSection
	GlobalSection(ExtensibilityGlobals) = postSolution
		SolutionGuid = {89932E32-6B37-4FC5-8135-87606D81A89B}
	EndGlobalSection
EndGlobal
